
Microsoft Visual Studio Solution File, Format Version 12.00
# Visual Studio 15
VisualStudioVersion = 15.0.27703.2047
MinimumVisualStudioVersion = 10.0.40219.1
Project("{FAE04EC0-301F-11D3-BF4B-00C04F79EFBC}") = "Ef", "Ef\Ef.csproj", "{51187E04-D7A1-4585-9265-E36E390DEDF3}"
EndProject
Project("{FAE04EC0-301F-11D3-BF4B-00C04F79EFBC}") = "Ef_gui", "Ef_gui\Ef_gui.csproj", "{7ED6E460-5BCC-4343-BBFB-7C92A3512328}"
EndProject
Project("{FAE04EC0-301F-11D3-BF4B-00C04F79EFBC}") = "EfTest", "EfTest\EfTest.csproj", "{AA3CBEFD-03E9-405E-AF4F-AEFFA5748802}"
EndProject
Global
	GlobalSection(SolutionConfigurationPlatforms) = preSolution
		Debug|Any CPU = Debug|Any CPU
		Release|Any CPU = Release|Any CPU
	EndGlobalSection
	GlobalSection(ProjectConfigurationPlatforms) = postSolution
		{51187E04-D7A1-4585-9265-E36E390DEDF3}.Debug|Any CPU.ActiveCfg = Debug|Any CPU
		{51187E04-D7A1-4585-9265-E36E390DEDF3}.Debug|Any CPU.Build.0 = Debug|Any CPU
		{51187E04-D7A1-4585-9265-E36E390DEDF3}.Release|Any CPU.ActiveCfg = Release|Any CPU
		{51187E04-D7A1-4585-9265-E36E390DEDF3}.Release|Any CPU.Build.0 = Release|Any CPU
		{7ED6E460-5BCC-4343-BBFB-7C92A3512328}.Debug|Any CPU.ActiveCfg = Debug|Any CPU
		{7ED6E460-5BCC-4343-BBFB-7C92A3512328}.Debug|Any CPU.Build.0 = Debug|Any CPU
		{7ED6E460-5BCC-4343-BBFB-7C92A3512328}.Release|Any CPU.ActiveCfg = Release|Any CPU
		{7ED6E460-5BCC-4343-BBFB-7C92A3512328}.Release|Any CPU.Build.0 = Release|Any CPU
		{AA3CBEFD-03E9-405E-AF4F-AEFFA5748802}.Debug|Any CPU.ActiveCfg = Debug|Any CPU
		{AA3CBEFD-03E9-405E-AF4F-AEFFA5748802}.Debug|Any CPU.Build.0 = Debug|Any CPU
		{AA3CBEFD-03E9-405E-AF4F-AEFFA5748802}.Release|Any CPU.ActiveCfg = Release|Any CPU
		{AA3CBEFD-03E9-405E-AF4F-AEFFA5748802}.Release|Any CPU.Build.0 = Release|Any CPU
	EndGlobalSection
	GlobalSection(SolutionProperties) = preSolution
		HideSolutionNode = FALSE
	EndGlobalSection
	GlobalSection(ExtensibilityGlobals) = postSolution
		SolutionGuid = {C5CD0396-0C46-4A8B-ABA8-61C9ACAB22A3}
	EndGlobalSection
EndGlobal
